{
  "requires": true,
  "lockfileVersion": 1,
  "dependencies": {
    "mdbootstrap": {
      "version": "4.4.4",
      "resolved": "https://registry.npmjs.org/mdbootstrap/-/mdbootstrap-4.4.4.tgz",
      "integrity": "sha512-vmKEYW6r0P+zQrC3ovKjS9zImPs7jhZcPUNJ56Vwu4YqVrq8UwSGzDOTNejn7ZsyN7rs4DxFWr/OCzbexW4Cfg=="
    }
  }
}
